
Microsoft Visual Studio Solution File, Format Version 12.00
Project("{FAE04EC0-301F-11D3-BF4B-00C04F79EFBC}") = "Host", "Host\Host.csproj", "{4D963670-BF86-4B3A-8CA0-6D104C54CE2F}"
EndProject
Project("{FAE04EC0-301F-11D3-BF4B-00C04F79EFBC}") = "Application", "Application\Application.csproj", "{68164266-426F-450B-BADB-A550EACEED00}"
EndProject
Project("{FAE04EC0-301F-11D3-BF4B-00C04F79EFBC}") = "Infrastructure", "Infrastructure\Infrastructure.csproj", "{54D99322-2330-4526-AA49-7736F91841C6}"
EndProject
Project("{FAE04EC0-301F-11D3-BF4B-00C04F79EFBC}") = "Domain", "Domain\Domain.csproj", "{B2931CFE-1C25-4D28-AA35-07CD499C86D3}"
EndProject
Global
	GlobalSection(SolutionConfigurationPlatforms) = preSolution
		Debug|Any CPU = Debug|Any CPU
		Release|Any CPU = Release|Any CPU
	EndGlobalSection
	GlobalSection(ProjectConfigurationPlatforms) = postSolution
		{4D963670-BF86-4B3A-8CA0-6D104C54CE2F}.Debug|Any CPU.ActiveCfg = Debug|Any CPU
		{4D963670-BF86-4B3A-8CA0-6D104C54CE2F}.Debug|Any CPU.Build.0 = Debug|Any CPU
		{4D963670-BF86-4B3A-8CA0-6D104C54CE2F}.Release|Any CPU.ActiveCfg = Release|Any CPU
		{4D963670-BF86-4B3A-8CA0-6D104C54CE2F}.Release|Any CPU.Build.0 = Release|Any CPU
		{68164266-426F-450B-BADB-A550EACEED00}.Debug|Any CPU.ActiveCfg = Debug|Any CPU
		{68164266-426F-450B-BADB-A550EACEED00}.Debug|Any CPU.Build.0 = Debug|Any CPU
		{68164266-426F-450B-BADB-A550EACEED00}.Release|Any CPU.ActiveCfg = Release|Any CPU
		{68164266-426F-450B-BADB-A550EACEED00}.Release|Any CPU.Build.0 = Release|Any CPU
		{54D99322-2330-4526-AA49-7736F91841C6}.Debug|Any CPU.ActiveCfg = Debug|Any CPU
		{54D99322-2330-4526-AA49-7736F91841C6}.Debug|Any CPU.Build.0 = Debug|Any CPU
		{54D99322-2330-4526-AA49-7736F91841C6}.Release|Any CPU.ActiveCfg = Release|Any CPU
		{54D99322-2330-4526-AA49-7736F91841C6}.Release|Any CPU.Build.0 = Release|Any CPU
		{B2931CFE-1C25-4D28-AA35-07CD499C86D3}.Debug|Any CPU.ActiveCfg = Debug|Any CPU
		{B2931CFE-1C25-4D28-AA35-07CD499C86D3}.Debug|Any CPU.Build.0 = Debug|Any CPU
		{B2931CFE-1C25-4D28-AA35-07CD499C86D3}.Release|Any CPU.ActiveCfg = Release|Any CPU
		{B2931CFE-1C25-4D28-AA35-07CD499C86D3}.Release|Any CPU.Build.0 = Release|Any CPU
	EndGlobalSection
EndGlobal
